
Microsoft Visual Studio Solution File, Format Version 12.00
# Visual Studio Version 17
VisualStudioVersion = 17.11.35222.181
MinimumVisualStudioVersion = 10.0.40219.1
Project("{FAE04EC0-301F-11D3-BF4B-00C04F79EFBC}") = "Accounting.Presentation", "Accounting.Presentation\Accounting.Presentation.csproj", "{5A5C2734-9089-4662-BABD-E441662356E0}"
EndProject
Project("{FAE04EC0-301F-11D3-BF4B-00C04F79EFBC}") = "Accounting.Domain", "Accounting.Domain\Accounting.Domain.csproj", "{63E8ACEA-6A27-4469-B7E3-A14A104ECEE6}"
EndProject
Project("{FAE04EC0-301F-11D3-BF4B-00C04F79EFBC}") = "Accounting.Infrastructure.Data", "Accounting.Infrastructure.Data\Accounting.Infrastructure.Data.csproj", "{F7A8587D-CF15-4BC3-B0C4-8B767B2584C9}"
EndProject
Project("{FAE04EC0-301F-11D3-BF4B-00C04F79EFBC}") = "Accounting.Application", "Accounting.Application\Accounting.Application.csproj", "{1B4F1649-8C38-4FBA-ADA1-D0CC33658A7A}"
EndProject
Global
	GlobalSection(SolutionConfigurationPlatforms) = preSolution
		Debug|Any CPU = Debug|Any CPU
		Release|Any CPU = Release|Any CPU
	EndGlobalSection
	GlobalSection(ProjectConfigurationPlatforms) = postSolution
		{5A5C2734-9089-4662-BABD-E441662356E0}.Debug|Any CPU.ActiveCfg = Debug|Any CPU
		{5A5C2734-9089-4662-BABD-E441662356E0}.Debug|Any CPU.Build.0 = Debug|Any CPU
		{5A5C2734-9089-4662-BABD-E441662356E0}.Release|Any CPU.ActiveCfg = Release|Any CPU
		{5A5C2734-9089-4662-BABD-E441662356E0}.Release|Any CPU.Build.0 = Release|Any CPU
		{63E8ACEA-6A27-4469-B7E3-A14A104ECEE6}.Debug|Any CPU.ActiveCfg = Debug|Any CPU
		{63E8ACEA-6A27-4469-B7E3-A14A104ECEE6}.Debug|Any CPU.Build.0 = Debug|Any CPU
		{63E8ACEA-6A27-4469-B7E3-A14A104ECEE6}.Release|Any CPU.ActiveCfg = Release|Any CPU
		{63E8ACEA-6A27-4469-B7E3-A14A104ECEE6}.Release|Any CPU.Build.0 = Release|Any CPU
		{F7A8587D-CF15-4BC3-B0C4-8B767B2584C9}.Debug|Any CPU.ActiveCfg = Debug|Any CPU
		{F7A8587D-CF15-4BC3-B0C4-8B767B2584C9}.Debug|Any CPU.Build.0 = Debug|Any CPU
		{F7A8587D-CF15-4BC3-B0C4-8B767B2584C9}.Release|Any CPU.ActiveCfg = Release|Any CPU
		{F7A8587D-CF15-4BC3-B0C4-8B767B2584C9}.Release|Any CPU.Build.0 = Release|Any CPU
		{1B4F1649-8C38-4FBA-ADA1-D0CC33658A7A}.Debug|Any CPU.ActiveCfg = Debug|Any CPU
		{1B4F1649-8C38-4FBA-ADA1-D0CC33658A7A}.Debug|Any CPU.Build.0 = Debug|Any CPU
		{1B4F1649-8C38-4FBA-ADA1-D0CC33658A7A}.Release|Any CPU.ActiveCfg = Release|Any CPU
		{1B4F1649-8C38-4FBA-ADA1-D0CC33658A7A}.Release|Any CPU.Build.0 = Release|Any CPU
	EndGlobalSection
	GlobalSection(SolutionProperties) = preSolution
		HideSolutionNode = FALSE
	EndGlobalSection
	GlobalSection(ExtensibilityGlobals) = postSolution
		SolutionGuid = {37323E76-A925-4892-8103-89AF73D28E5D}
	EndGlobalSection
EndGlobal
